
Microsoft Visual Studio Solution File, Format Version 12.00
# Visual Studio 15
VisualStudioVersion = 15.0.28307.1022
MinimumVisualStudioVersion = 10.0.40219.1
Project("{FAE04EC0-301F-11D3-BF4B-00C04F79EFBC}") = "Mimica.Android", "Mimica\Mimica.Android\Mimica.Android.csproj", "{DFE6772A-3A81-4788-AD29-960AB6519896}"
EndProject
Project("{FAE04EC0-301F-11D3-BF4B-00C04F79EFBC}") = "Mimica.iOS", "Mimica\Mimica.iOS\Mimica.iOS.csproj", "{4D7B6392-C087-4FE4-AABD-379536F245E6}"
EndProject
Project("{FAE04EC0-301F-11D3-BF4B-00C04F79EFBC}") = "Mimica.UWP", "Mimica\Mimica.UWP\Mimica.UWP.csproj", "{6B3ABA5E-7540-47D3-98A0-864DD4DF9F3F}"
EndProject
Project("{FAE04EC0-301F-11D3-BF4B-00C04F79EFBC}") = "Mimica", "Mimica\Mimica\Mimica.csproj", "{A2BC234B-CD7E-4C0D-AC0C-BF4FC320DC0F}"
EndProject
Global
	GlobalSection(SolutionConfigurationPlatforms) = preSolution
		Ad-Hoc|Any CPU = Ad-Hoc|Any CPU
		Ad-Hoc|ARM = Ad-Hoc|ARM
		Ad-Hoc|iPhone = Ad-Hoc|iPhone
		Ad-Hoc|iPhoneSimulator = Ad-Hoc|iPhoneSimulator
		Ad-Hoc|x64 = Ad-Hoc|x64
		Ad-Hoc|x86 = Ad-Hoc|x86
		AppStore|Any CPU = AppStore|Any CPU
		AppStore|ARM = AppStore|ARM
		AppStore|iPhone = AppStore|iPhone
		AppStore|iPhoneSimulator = AppStore|iPhoneSimulator
		AppStore|x64 = AppStore|x64
		AppStore|x86 = AppStore|x86
		Debug|Any CPU = Debug|Any CPU
		Debug|ARM = Debug|ARM
		Debug|iPhone = Debug|iPhone
		Debug|iPhoneSimulator = Debug|iPhoneSimulator
		Debug|x64 = Debug|x64
		Debug|x86 = Debug|x86
		Release|Any CPU = Release|Any CPU
		Release|ARM = Release|ARM
		Release|iPhone = Release|iPhone
		Release|iPhoneSimulator = Release|iPhoneSimulator
		Release|x64 = Release|x64
		Release|x86 = Release|x86
	EndGlobalSection
	GlobalSection(ProjectConfigurationPlatforms) = postSolution
		{DFE6772A-3A81-4788-AD29-960AB6519896}.Ad-Hoc|Any CPU.ActiveCfg = Release|Any CPU
		{DFE6772A-3A81-4788-AD29-960AB6519896}.Ad-Hoc|Any CPU.Build.0 = Release|Any CPU
		{DFE6772A-3A81-4788-AD29-960AB6519896}.Ad-Hoc|Any CPU.Deploy.0 = Release|Any CPU
		{DFE6772A-3A81-4788-AD29-960AB6519896}.Ad-Hoc|ARM.ActiveCfg = Release|Any CPU
		{DFE6772A-3A81-4788-AD29-960AB6519896}.Ad-Hoc|ARM.Build.0 = Release|Any CPU
		{DFE6772A-3A81-4788-AD29-960AB6519896}.Ad-Hoc|ARM.Deploy.0 = Release|Any CPU
		{DFE6772A-3A81-4788-AD29-960AB6519896}.Ad-Hoc|iPhone.ActiveCfg = Release|Any CPU
		{DFE6772A-3A81-4788-AD29-960AB6519896}.Ad-Hoc|iPhone.Build.0 = Release|Any CPU
		{DFE6772A-3A81-4788-AD29-960AB6519896}.Ad-Hoc|iPhone.Deploy.0 = Release|Any CPU
		{DFE6772A-3A81-4788-AD29-960AB6519896}.Ad-Hoc|iPhoneSimulator.ActiveCfg = Release|Any CPU
		{DFE6772A-3A81-4788-AD29-960AB6519896}.Ad-Hoc|iPhoneSimulator.Build.0 = Release|Any CPU
		{DFE6772A-3A81-4788-AD29-960AB6519896}.Ad-Hoc|iPhoneSimulator.Deploy.0 = Release|Any CPU
		{DFE6772A-3A81-4788-AD29-960AB6519896}.Ad-Hoc|x64.ActiveCfg = Release|Any CPU
		{DFE6772A-3A81-4788-AD29-960AB6519896}.Ad-Hoc|x64.Build.0 = Release|Any CPU
		{DFE6772A-3A81-4788-AD29-960AB6519896}.Ad-Hoc|x64.Deploy.0 = Release|Any CPU
		{DFE6772A-3A81-4788-AD29-960AB6519896}.Ad-Hoc|x86.ActiveCfg = Release|Any CPU
		{DFE6772A-3A81-4788-AD29-960AB6519896}.Ad-Hoc|x86.Build.0 = Release|Any CPU
		{DFE6772A-3A81-4788-AD29-960AB6519896}.Ad-Hoc|x86.Deploy.0 = Release|Any CPU
		{DFE6772A-3A81-4788-AD29-960AB6519896}.AppStore|Any CPU.ActiveCfg = Release|Any CPU
		{DFE6772A-3A81-4788-AD29-960AB6519896}.AppStore|Any CPU.Build.0 = Release|Any CPU
		{DFE6772A-3A81-4788-AD29-960AB6519896}.AppStore|Any CPU.Deploy.0 = Release|Any CPU
		{DFE6772A-3A81-4788-AD29-960AB6519896}.AppStore|ARM.ActiveCfg = Release|Any CPU
		{DFE6772A-3A81-4788-AD29-960AB6519896}.AppStore|ARM.Build.0 = Release|Any CPU
		{DFE6772A-3A81-4788-AD29-960AB6519896}.AppStore|ARM.Deploy.0 = Release|Any CPU
		{DFE6772A-3A81-4788-AD29-960AB6519896}.AppStore|iPhone.ActiveCfg = Release|Any CPU
		{DFE6772A-3A81-4788-AD29-960AB6519896}.AppStore|iPhone.Build.0 = Release|Any CPU
		{DFE6772A-3A81-4788-AD29-960AB6519896}.AppStore|iPhone.Deploy.0 = Release|Any CPU
		{DFE6772A-3A81-4788-AD29-960AB6519896}.AppStore|iPhoneSimulator.ActiveCfg = Release|Any CPU
		{DFE6772A-3A81-4788-AD29-960AB6519896}.AppStore|iPhoneSimulator.Build.0 = Release|Any CPU
		{DFE6772A-3A81-4788-AD29-960AB6519896}.AppStore|iPhoneSimulator.Deploy.0 = Release|Any CPU
		{DFE6772A-3A81-4788-AD29-960AB6519896}.AppStore|x64.ActiveCfg = Release|Any CPU
		{DFE6772A-3A81-4788-AD29-960AB6519896}.AppStore|x64.Build.0 = Release|Any CPU
		{DFE6772A-3A81-4788-AD29-960AB6519896}.AppStore|x64.Deploy.0 = Release|Any CPU
		{DFE6772A-3A81-4788-AD29-960AB6519896}.AppStore|x86.ActiveCfg = Release|Any CPU
		{DFE6772A-3A81-4788-AD29-960AB6519896}.AppStore|x86.Build.0 = Release|Any CPU
		{DFE6772A-3A81-4788-AD29-960AB6519896}.AppStore|x86.Deploy.0 = Release|Any CPU
		{DFE6772A-3A81-4788-AD29-960AB6519896}.Debug|Any CPU.ActiveCfg = Debug|Any CPU
		{DFE6772A-3A81-4788-AD29-960AB6519896}.Debug|Any CPU.Build.0 = Debug|Any CPU
		{DFE6772A-3A81-4788-AD29-960AB6519896}.Debug|Any CPU.Deploy.0 = Debug|Any CPU
		{DFE6772A-3A81-4788-AD29-960AB6519896}.Debug|ARM.ActiveCfg = Debug|Any CPU
		{DFE6772A-3A81-4788-AD29-960AB6519896}.Debug|ARM.Build.0 = Debug|Any CPU
		{DFE6772A-3A81-4788-AD29-960AB6519896}.Debug|ARM.Deploy.0 = Debug|Any CPU
		{DFE6772A-3A81-4788-AD29-960AB6519896}.Debug|iPhone.ActiveCfg = Debug|Any CPU
		{DFE6772A-3A81-4788-AD29-960AB6519896}.Debug|iPhone.Build.0 = Debug|Any CPU
		{DFE6772A-3A81-4788-AD29-960AB6519896}.Debug|iPhone.Deploy.0 = Debug|Any CPU
		{DFE6772A-3A81-4788-AD29-960AB6519896}.Debug|iPhoneSimulator.ActiveCfg = Debug|Any CPU
		{DFE6772A-3A81-4788-AD29-960AB6519896}.Debug|iPhoneSimulator.Build.0 = Debug|Any CPU
		{DFE6772A-3A81-4788-AD29-960AB6519896}.Debug|iPhoneSimulator.Deploy.0 = Debug|Any CPU
		{DFE6772A-3A81-4788-AD29-960AB6519896}.Debug|x64.ActiveCfg = Debug|Any CPU
		{DFE6772A-3A81-4788-AD29-960AB6519896}.Debug|x64.Build.0 = Debug|Any CPU
		{DFE6772A-3A81-4788-AD29-960AB6519896}.Debug|x64.Deploy.0 = Debug|Any CPU
		{DFE6772A-3A81-4788-AD29-960AB6519896}.Debug|x86.ActiveCfg = Debug|Any CPU
		{DFE6772A-3A81-4788-AD29-960AB6519896}.Debug|x86.Build.0 = Debug|Any CPU
		{DFE6772A-3A81-4788-AD29-960AB6519896}.Debug|x86.Deploy.0 = Debug|Any CPU
		{DFE6772A-3A81-4788-AD29-960AB6519896}.Release|Any CPU.ActiveCfg = Release|Any CPU
		{DFE6772A-3A81-4788-AD29-960AB6519896}.Release|Any CPU.Build.0 = Release|Any CPU
		{DFE6772A-3A81-4788-AD29-960AB6519896}.Release|Any CPU.Deploy.0 = Release|Any CPU
		{DFE6772A-3A81-4788-AD29-960AB6519896}.Release|ARM.ActiveCfg = Release|Any CPU
		{DFE6772A-3A81-4788-AD29-960AB6519896}.Release|ARM.Build.0 = Release|Any CPU
		{DFE6772A-3A81-4788-AD29-960AB6519896}.Release|ARM.Deploy.0 = Release|Any CPU
		{DFE6772A-3A81-4788-AD29-960AB6519896}.Release|iPhone.ActiveCfg = Release|Any CPU
		{DFE6772A-3A81-4788-AD29-960AB6519896}.Release|iPhone.Build.0 = Release|Any CPU
		{DFE6772A-3A81-4788-AD29-960AB6519896}.Release|iPhone.Deploy.0 = Release|Any CPU
		{DFE6772A-3A81-4788-AD29-960AB6519896}.Release|iPhoneSimulator.ActiveCfg = Release|Any CPU
		{DFE6772A-3A81-4788-AD29-960AB6519896}.Release|iPhoneSimulator.Build.0 = Release|Any CPU
		{DFE6772A-3A81-4788-AD29-960AB6519896}.Release|iPhoneSimulator.Deploy.0 = Release|Any CPU
		{DFE6772A-3A81-4788-AD29-960AB6519896}.Release|x64.ActiveCfg = Release|Any CPU
		{DFE6772A-3A81-4788-AD29-960AB6519896}.Release|x64.Build.0 = Release|Any CPU
		{DFE6772A-3A81-4788-AD29-960AB6519896}.Release|x64.Deploy.0 = Release|Any CPU
		{DFE6772A-3A81-4788-AD29-960AB6519896}.Release|x86.ActiveCfg = Release|Any CPU
		{DFE6772A-3A81-4788-AD29-960AB6519896}.Release|x86.Build.0 = Release|Any CPU
		{DFE6772A-3A81-4788-AD29-960AB6519896}.Release|x86.Deploy.0 = Release|Any CPU
		{4D7B6392-C087-4FE4-AABD-379536F245E6}.Ad-Hoc|Any CPU.ActiveCfg = Ad-Hoc|iPhone
		{4D7B6392-C087-4FE4-AABD-379536F245E6}.Ad-Hoc|Any CPU.Build.0 = Ad-Hoc|iPhone
		{4D7B6392-C087-4FE4-AABD-379536F245E6}.Ad-Hoc|Any CPU.Deploy.0 = Ad-Hoc|iPhone
		{4D7B6392-C087-4FE4-AABD-379536F245E6}.Ad-Hoc|ARM.ActiveCfg = Ad-Hoc|iPhone
		{4D7B6392-C087-4FE4-AABD-379536F245E6}.Ad-Hoc|ARM.Build.0 = Ad-Hoc|iPhone
		{4D7B6392-C087-4FE4-AABD-379536F245E6}.Ad-Hoc|ARM.Deploy.0 = Ad-Hoc|iPhone
		{4D7B6392-C087-4FE4-AABD-379536F245E6}.Ad-Hoc|iPhone.ActiveCfg = Ad-Hoc|iPhone
		{4D7B6392-C087-4FE4-AABD-379536F245E6}.Ad-Hoc|iPhone.Build.0 = Ad-Hoc|iPhone
		{4D7B6392-C087-4FE4-AABD-379536F245E6}.Ad-Hoc|iPhone.Deploy.0 = Ad-Hoc|iPhone
		{4D7B6392-C087-4FE4-AABD-379536F245E6}.Ad-Hoc|iPhoneSimulator.ActiveCfg = Ad-Hoc|iPhoneSimulator
		{4D7B6392-C087-4FE4-AABD-379536F245E6}.Ad-Hoc|iPhoneSimulator.Build.0 = Ad-Hoc|iPhoneSimulator
		{4D7B6392-C087-4FE4-AABD-379536F245E6}.Ad-Hoc|iPhoneSimulator.Deploy.0 = Ad-Hoc|iPhoneSimulator
		{4D7B6392-C087-4FE4-AABD-379536F245E6}.Ad-Hoc|x64.ActiveCfg = Ad-Hoc|iPhone
		{4D7B6392-C087-4FE4-AABD-379536F245E6}.Ad-Hoc|x64.Build.0 = Ad-Hoc|iPhone
		{4D7B6392-C087-4FE4-AABD-379536F245E6}.Ad-Hoc|x64.Deploy.0 = Ad-Hoc|iPhone
		{4D7B6392-C087-4FE4-AABD-379536F245E6}.Ad-Hoc|x86.ActiveCfg = Ad-Hoc|iPhone
		{4D7B6392-C087-4FE4-AABD-379536F245E6}.Ad-Hoc|x86.Build.0 = Ad-Hoc|iPhone
		{4D7B6392-C087-4FE4-AABD-379536F245E6}.Ad-Hoc|x86.Deploy.0 = Ad-Hoc|iPhone
		{4D7B6392-C087-4FE4-AABD-379536F245E6}.AppStore|Any CPU.ActiveCfg = AppStore|iPhone
		{4D7B6392-C087-4FE4-AABD-379536F245E6}.AppStore|Any CPU.Build.0 = AppStore|iPhone
		{4D7B6392-C087-4FE4-AABD-379536F245E6}.AppStore|Any CPU.Deploy.0 = AppStore|iPhone
		{4D7B6392-C087-4FE4-AABD-379536F245E6}.AppStore|ARM.ActiveCfg = AppStore|iPhone
		{4D7B6392-C087-4FE4-AABD-379536F245E6}.AppStore|ARM.Build.0 = AppStore|iPhone
		{4D7B6392-C087-4FE4-AABD-379536F245E6}.AppStore|ARM.Deploy.0 = AppStore|iPhone
		{4D7B6392-C087-4FE4-AABD-379536F245E6}.AppStore|iPhone.ActiveCfg = AppStore|iPhone
		{4D7B6392-C087-4FE4-AABD-379536F245E6}.AppStore|iPhone.Build.0 = AppStore|iPhone
		{4D7B6392-C087-4FE4-AABD-379536F245E6}.AppStore|iPhone.Deploy.0 = AppStore|iPhone
		{4D7B6392-C087-4FE4-AABD-379536F245E6}.AppStore|iPhoneSimulator.ActiveCfg = AppStore|iPhoneSimulator
		{4D7B6392-C087-4FE4-AABD-379536F245E6}.AppStore|iPhoneSimulator.Build.0 = AppStore|iPhoneSimulator
		{4D7B6392-C087-4FE4-AABD-379536F245E6}.AppStore|iPhoneSimulator.Deploy.0 = AppStore|iPhoneSimulator
		{4D7B6392-C087-4FE4-AABD-379536F245E6}.AppStore|x64.ActiveCfg = AppStore|iPhone
		{4D7B6392-C087-4FE4-AABD-379536F245E6}.AppStore|x64.Build.0 = AppStore|iPhone
		{4D7B6392-C087-4FE4-AABD-379536F245E6}.AppStore|x64.Deploy.0 = AppStore|iPhone
		{4D7B6392-C087-4FE4-AABD-379536F245E6}.AppStore|x86.ActiveCfg = AppStore|iPhone
		{4D7B6392-C087-4FE4-AABD-379536F245E6}.AppStore|x86.Build.0 = AppStore|iPhone
		{4D7B6392-C087-4FE4-AABD-379536F245E6}.AppStore|x86.Deploy.0 = AppStore|iPhone
		{4D7B6392-C087-4FE4-AABD-379536F245E6}.Debug|Any CPU.ActiveCfg = Debug|iPhoneSimulator
		{4D7B6392-C087-4FE4-AABD-379536F245E6}.Debug|Any CPU.Build.0 = Debug|iPhoneSimulator
		{4D7B6392-C087-4FE4-AABD-379536F245E6}.Debug|Any CPU.Deploy.0 = Debug|iPhoneSimulator
		{4D7B6392-C087-4FE4-AABD-379536F245E6}.Debug|ARM.ActiveCfg = Debug|iPhone
		{4D7B6392-C087-4FE4-AABD-379536F245E6}.Debug|ARM.Build.0 = Debug|iPhone
		{4D7B6392-C087-4FE4-AABD-379536F245E6}.Debug|ARM.Deploy.0 = Debug|iPhone
		{4D7B6392-C087-4FE4-AABD-379536F245E6}.Debug|iPhone.ActiveCfg = Debug|iPhone
		{4D7B6392-C087-4FE4-AABD-379536F245E6}.Debug|iPhone.Build.0 = Debug|iPhone
		{4D7B6392-C087-4FE4-AABD-379536F245E6}.Debug|iPhone.Deploy.0 = Debug|iPhone
		{4D7B6392-C087-4FE4-AABD-379536F245E6}.Debug|iPhoneSimulator.ActiveCfg = Debug|iPhoneSimulator
		{4D7B6392-C087-4FE4-AABD-379536F245E6}.Debug|iPhoneSimulator.Build.0 = Debug|iPhoneSimulator
		{4D7B6392-C087-4FE4-AABD-379536F245E6}.Debug|iPhoneSimulator.Deploy.0 = Debug|iPhoneSimulator
		{4D7B6392-C087-4FE4-AABD-379536F245E6}.Debug|x64.ActiveCfg = Debug|iPhone
		{4D7B6392-C087-4FE4-AABD-379536F245E6}.Debug|x64.Build.0 = Debug|iPhone
		{4D7B6392-C087-4FE4-AABD-379536F245E6}.Debug|x64.Deploy.0 = Debug|iPhone
		{4D7B6392-C087-4FE4-AABD-379536F245E6}.Debug|x86.ActiveCfg = Debug|iPhone
		{4D7B6392-C087-4FE4-AABD-379536F245E6}.Debug|x86.Build.0 = Debug|iPhone
		{4D7B6392-C087-4FE4-AABD-379536F245E6}.Debug|x86.Deploy.0 = Debug|iPhone
		{4D7B6392-C087-4FE4-AABD-379536F245E6}.Release|Any CPU.ActiveCfg = Release|iPhone
		{4D7B6392-C087-4FE4-AABD-379536F245E6}.Release|Any CPU.Build.0 = Release|iPhone
		{4D7B6392-C087-4FE4-AABD-379536F245E6}.Release|Any CPU.Deploy.0 = Release|iPhone
		{4D7B6392-C087-4FE4-AABD-379536F245E6}.Release|ARM.ActiveCfg = Release|iPhone
		{4D7B6392-C087-4FE4-AABD-379536F245E6}.Release|ARM.Build.0 = Release|iPhone
		{4D7B6392-C087-4FE4-AABD-379536F245E6}.Release|ARM.Deploy.0 = Release|iPhone
		{4D7B6392-C087-4FE4-AABD-379536F245E6}.Release|iPhone.ActiveCfg = Release|iPhone
		{4D7B6392-C087-4FE4-AABD-379536F245E6}.Release|iPhone.Build.0 = Release|iPhone
		{4D7B6392-C087-4FE4-AABD-379536F245E6}.Release|iPhone.Deploy.0 = Release|iPhone
		{4D7B6392-C087-4FE4-AABD-379536F245E6}.Release|iPhoneSimulator.ActiveCfg = Release|iPhoneSimulator
		{4D7B6392-C087-4FE4-AABD-379536F245E6}.Release|iPhoneSimulator.Build.0 = Release|iPhoneSimulator
		{4D7B6392-C087-4FE4-AABD-379536F245E6}.Release|iPhoneSimulator.Deploy.0 = Release|iPhoneSimulator
		{4D7B6392-C087-4FE4-AABD-379536F245E6}.Release|x64.ActiveCfg = Release|iPhone
		{4D7B6392-C087-4FE4-AABD-379536F245E6}.Release|x64.Build.0 = Release|iPhone
		{4D7B6392-C087-4FE4-AABD-379536F245E6}.Release|x64.Deploy.0 = Release|iPhone
		{4D7B6392-C087-4FE4-AABD-379536F245E6}.Release|x86.ActiveCfg = Release|iPhone
		{4D7B6392-C087-4FE4-AABD-379536F245E6}.Release|x86.Build.0 = Release|iPhone
		{4D7B6392-C087-4FE4-AABD-379536F245E6}.Release|x86.Deploy.0 = Release|iPhone
		{6B3ABA5E-7540-47D3-98A0-864DD4DF9F3F}.Ad-Hoc|Any CPU.ActiveCfg = Release|x86
		{6B3ABA5E-7540-47D3-98A0-864DD4DF9F3F}.Ad-Hoc|Any CPU.Build.0 = Release|x86
		{6B3ABA5E-7540-47D3-98A0-864DD4DF9F3F}.Ad-Hoc|Any CPU.Deploy.0 = Release|x86
		{6B3ABA5E-7540-47D3-98A0-864DD4DF9F3F}.Ad-Hoc|ARM.ActiveCfg = Release|ARM
		{6B3ABA5E-7540-47D3-98A0-864DD4DF9F3F}.Ad-Hoc|ARM.Build.0 = Release|ARM
		{6B3ABA5E-7540-47D3-98A0-864DD4DF9F3F}.Ad-Hoc|ARM.Deploy.0 = Release|ARM
		{6B3ABA5E-7540-47D3-98A0-864DD4DF9F3F}.Ad-Hoc|iPhone.ActiveCfg = Release|x86
		{6B3ABA5E-7540-47D3-98A0-864DD4DF9F3F}.Ad-Hoc|iPhone.Build.0 = Release|x86
		{6B3ABA5E-7540-47D3-98A0-864DD4DF9F3F}.Ad-Hoc|iPhone.Deploy.0 = Release|x86
		{6B3ABA5E-7540-47D3-98A0-864DD4DF9F3F}.Ad-Hoc|iPhoneSimulator.ActiveCfg = Release|x86
		{6B3ABA5E-7540-47D3-98A0-864DD4DF9F3F}.Ad-Hoc|iPhoneSimulator.Build.0 = Release|x86
		{6B3ABA5E-7540-47D3-98A0-864DD4DF9F3F}.Ad-Hoc|iPhoneSimulator.Deploy.0 = Release|x86
		{6B3ABA5E-7540-47D3-98A0-864DD4DF9F3F}.Ad-Hoc|x64.ActiveCfg = Release|x64
		{6B3ABA5E-7540-47D3-98A0-864DD4DF9F3F}.Ad-Hoc|x64.Build.0 = Release|x64
		{6B3ABA5E-7540-47D3-98A0-864DD4DF9F3F}.Ad-Hoc|x64.Deploy.0 = Release|x64
		{6B3ABA5E-7540-47D3-98A0-864DD4DF9F3F}.Ad-Hoc|x86.ActiveCfg = Release|x86
		{6B3ABA5E-7540-47D3-98A0-864DD4DF9F3F}.Ad-Hoc|x86.Build.0 = Release|x86
		{6B3ABA5E-7540-47D3-98A0-864DD4DF9F3F}.Ad-Hoc|x86.Deploy.0 = Release|x86
		{6B3ABA5E-7540-47D3-98A0-864DD4DF9F3F}.AppStore|Any CPU.ActiveCfg = Release|x86
		{6B3ABA5E-7540-47D3-98A0-864DD4DF9F3F}.AppStore|Any CPU.Build.0 = Release|x86
		{6B3ABA5E-7540-47D3-98A0-864DD4DF9F3F}.AppStore|Any CPU.Deploy.0 = Release|x86
		{6B3ABA5E-7540-47D3-98A0-864DD4DF9F3F}.AppStore|ARM.ActiveCfg = Release|ARM
		{6B3ABA5E-7540-47D3-98A0-864DD4DF9F3F}.AppStore|ARM.Build.0 = Release|ARM
		{6B3ABA5E-7540-47D3-98A0-864DD4DF9F3F}.AppStore|ARM.Deploy.0 = Release|ARM
		{6B3ABA5E-7540-47D3-98A0-864DD4DF9F3F}.AppStore|iPhone.ActiveCfg = Release|x86
		{6B3ABA5E-7540-47D3-98A0-864DD4DF9F3F}.AppStore|iPhone.Build.0 = Release|x86
		{6B3ABA5E-7540-47D3-98A0-864DD4DF9F3F}.AppStore|iPhone.Deploy.0 = Release|x86
		{6B3ABA5E-7540-47D3-98A0-864DD4DF9F3F}.AppStore|iPhoneSimulator.ActiveCfg = Release|x86
		{6B3ABA5E-7540-47D3-98A0-864DD4DF9F3F}.AppStore|iPhoneSimulator.Build.0 = Release|x86
		{6B3ABA5E-7540-47D3-98A0-864DD4DF9F3F}.AppStore|iPhoneSimulator.Deploy.0 = Release|x86
		{6B3ABA5E-7540-47D3-98A0-864DD4DF9F3F}.AppStore|x64.ActiveCfg = Release|x64
		{6B3ABA5E-7540-47D3-98A0-864DD4DF9F3F}.AppStore|x64.Build.0 = Release|x64
		{6B3ABA5E-7540-47D3-98A0-864DD4DF9F3F}.AppStore|x64.Deploy.0 = Release|x64
		{6B3ABA5E-7540-47D3-98A0-864DD4DF9F3F}.AppStore|x86.ActiveCfg = Release|x86
		{6B3ABA5E-7540-47D3-98A0-864DD4DF9F3F}.AppStore|x86.Build.0 = Release|x86
		{6B3ABA5E-7540-47D3-98A0-864DD4DF9F3F}.AppStore|x86.Deploy.0 = Release|x86
		{6B3ABA5E-7540-47D3-98A0-864DD4DF9F3F}.Debug|Any CPU.ActiveCfg = Debug|x86
		{6B3ABA5E-7540-47D3-98A0-864DD4DF9F3F}.Debug|Any CPU.Build.0 = Debug|x86
		{6B3ABA5E-7540-47D3-98A0-864DD4DF9F3F}.Debug|Any CPU.Deploy.0 = Debug|x86
		{6B3ABA5E-7540-47D3-98A0-864DD4DF9F3F}.Debug|ARM.ActiveCfg = Debug|ARM
		{6B3ABA5E-7540-47D3-98A0-864DD4DF9F3F}.Debug|ARM.Build.0 = Debug|ARM
		{6B3ABA5E-7540-47D3-98A0-864DD4DF9F3F}.Debug|ARM.Deploy.0 = Debug|ARM
		{6B3ABA5E-7540-47D3-98A0-864DD4DF9F3F}.Debug|iPhone.ActiveCfg = Debug|x86
		{6B3ABA5E-7540-47D3-98A0-864DD4DF9F3F}.Debug|iPhone.Build.0 = Debug|x86
		{6B3ABA5E-7540-47D3-98A0-864DD4DF9F3F}.Debug|iPhone.Deploy.0 = Debug|x86
		{6B3ABA5E-7540-47D3-98A0-864DD4DF9F3F}.Debug|iPhoneSimulator.ActiveCfg = Debug|x86
		{6B3ABA5E-7540-47D3-98A0-864DD4DF9F3F}.Debug|iPhoneSimulator.Build.0 = Debug|x86
		{6B3ABA5E-7540-47D3-98A0-864DD4DF9F3F}.Debug|iPhoneSimulator.Deploy.0 = Debug|x86
		{6B3ABA5E-7540-47D3-98A0-864DD4DF9F3F}.Debug|x64.ActiveCfg = Debug|x64
		{6B3ABA5E-7540-47D3-98A0-864DD4DF9F3F}.Debug|x64.Build.0 = Debug|x64
		{6B3ABA5E-7540-47D3-98A0-864DD4DF9F3F}.Debug|x64.Deploy.0 = Debug|x64
		{6B3ABA5E-7540-47D3-98A0-864DD4DF9F3F}.Debug|x86.ActiveCfg = Debug|x86
		{6B3ABA5E-7540-47D3-98A0-864DD4DF9F3F}.Debug|x86.Build.0 = Debug|x86
		{6B3ABA5E-7540-47D3-98A0-864DD4DF9F3F}.Debug|x86.Deploy.0 = Debug|x86
		{6B3ABA5E-7540-47D3-98A0-864DD4DF9F3F}.Release|Any CPU.ActiveCfg = Release|x86
		{6B3ABA5E-7540-47D3-98A0-864DD4DF9F3F}.Release|Any CPU.Build.0 = Release|x86
		{6B3ABA5E-7540-47D3-98A0-864DD4DF9F3F}.Release|Any CPU.Deploy.0 = Release|x86
		{6B3ABA5E-7540-47D3-98A0-864DD4DF9F3F}.Release|ARM.ActiveCfg = Release|ARM
		{6B3ABA5E-7540-47D3-98A0-864DD4DF9F3F}.Release|ARM.Build.0 = Release|ARM
		{6B3ABA5E-7540-47D3-98A0-864DD4DF9F3F}.Release|ARM.Deploy.0 = Release|ARM
		{6B3ABA5E-7540-47D3-98A0-864DD4DF9F3F}.Release|iPhone.ActiveCfg = Release|x86
		{6B3ABA5E-7540-47D3-98A0-864DD4DF9F3F}.Release|iPhone.Build.0 = Release|x86
		{6B3ABA5E-7540-47D3-98A0-864DD4DF9F3F}.Release|iPhone.Deploy.0 = Release|x86
		{6B3ABA5E-7540-47D3-98A0-864DD4DF9F3F}.Release|iPhoneSimulator.ActiveCfg = Release|x86
		{6B3ABA5E-7540-47D3-98A0-864DD4DF9F3F}.Release|iPhoneSimulator.Build.0 = Release|x86
		{6B3ABA5E-7540-47D3-98A0-864DD4DF9F3F}.Release|iPhoneSimulator.Deploy.0 = Release|x86
		{6B3ABA5E-7540-47D3-98A0-864DD4DF9F3F}.Release|x64.ActiveCfg = Release|x64
		{6B3ABA5E-7540-47D3-98A0-864DD4DF9F3F}.Release|x64.Build.0 = Release|x64
		{6B3ABA5E-7540-47D3-98A0-864DD4DF9F3F}.Release|x64.Deploy.0 = Release|x64
		{6B3ABA5E-7540-47D3-98A0-864DD4DF9F3F}.Release|x86.ActiveCfg = Release|x86
		{6B3ABA5E-7540-47D3-98A0-864DD4DF9F3F}.Release|x86.Build.0 = Release|x86
		{6B3ABA5E-7540-47D3-98A0-864DD4DF9F3F}.Release|x86.Deploy.0 = Release|x86
		{A2BC234B-CD7E-4C0D-AC0C-BF4FC320DC0F}.Ad-Hoc|Any CPU.ActiveCfg = Debug|Any CPU
		{A2BC234B-CD7E-4C0D-AC0C-BF4FC320DC0F}.Ad-Hoc|Any CPU.Build.0 = Debug|Any CPU
		{A2BC234B-CD7E-4C0D-AC0C-BF4FC320DC0F}.Ad-Hoc|Any CPU.Deploy.0 = Debug|Any CPU
		{A2BC234B-CD7E-4C0D-AC0C-BF4FC320DC0F}.Ad-Hoc|ARM.ActiveCfg = Debug|Any CPU
		{A2BC234B-CD7E-4C0D-AC0C-BF4FC320DC0F}.Ad-Hoc|ARM.Build.0 = Debug|Any CPU
		{A2BC234B-CD7E-4C0D-AC0C-BF4FC320DC0F}.Ad-Hoc|ARM.Deploy.0 = Debug|Any CPU
		{A2BC234B-CD7E-4C0D-AC0C-BF4FC320DC0F}.Ad-Hoc|iPhone.ActiveCfg = Debug|Any CPU
		{A2BC234B-CD7E-4C0D-AC0C-BF4FC320DC0F}.Ad-Hoc|iPhone.Build.0 = Debug|Any CPU
		{A2BC234B-CD7E-4C0D-AC0C-BF4FC320DC0F}.Ad-Hoc|iPhone.Deploy.0 = Debug|Any CPU
		{A2BC234B-CD7E-4C0D-AC0C-BF4FC320DC0F}.Ad-Hoc|iPhoneSimulator.ActiveCfg = Debug|Any CPU
		{A2BC234B-CD7E-4C0D-AC0C-BF4FC320DC0F}.Ad-Hoc|iPhoneSimulator.Build.0 = Debug|Any CPU
		{A2BC234B-CD7E-4C0D-AC0C-BF4FC320DC0F}.Ad-Hoc|iPhoneSimulator.Deploy.0 = Debug|Any CPU
		{A2BC234B-CD7E-4C0D-AC0C-BF4FC320DC0F}.Ad-Hoc|x64.ActiveCfg = Debug|Any CPU
		{A2BC234B-CD7E-4C0D-AC0C-BF4FC320DC0F}.Ad-Hoc|x64.Build.0 = Debug|Any CPU
		{A2BC234B-CD7E-4C0D-AC0C-BF4FC320DC0F}.Ad-Hoc|x64.Deploy.0 = Debug|Any CPU
		{A2BC234B-CD7E-4C0D-AC0C-BF4FC320DC0F}.Ad-Hoc|x86.ActiveCfg = Debug|Any CPU
		{A2BC234B-CD7E-4C0D-AC0C-BF4FC320DC0F}.Ad-Hoc|x86.Build.0 = Debug|Any CPU
		{A2BC234B-CD7E-4C0D-AC0C-BF4FC320DC0F}.Ad-Hoc|x86.Deploy.0 = Debug|Any CPU
		{A2BC234B-CD7E-4C0D-AC0C-BF4FC320DC0F}.AppStore|Any CPU.ActiveCfg = Debug|Any CPU
		{A2BC234B-CD7E-4C0D-AC0C-BF4FC320DC0F}.AppStore|Any CPU.Build.0 = Debug|Any CPU
		{A2BC234B-CD7E-4C0D-AC0C-BF4FC320DC0F}.AppStore|Any CPU.Deploy.0 = Debug|Any CPU
		{A2BC234B-CD7E-4C0D-AC0C-BF4FC320DC0F}.AppStore|ARM.ActiveCfg = Debug|Any CPU
		{A2BC234B-CD7E-4C0D-AC0C-BF4FC320DC0F}.AppStore|ARM.Build.0 = Debug|Any CPU
		{A2BC234B-CD7E-4C0D-AC0C-BF4FC320DC0F}.AppStore|ARM.Deploy.0 = Debug|Any CPU
		{A2BC234B-CD7E-4C0D-AC0C-BF4FC320DC0F}.AppStore|iPhone.ActiveCfg = Debug|Any CPU
		{A2BC234B-CD7E-4C0D-AC0C-BF4FC320DC0F}.AppStore|iPhone.Build.0 = Debug|Any CPU
		{A2BC234B-CD7E-4C0D-AC0C-BF4FC320DC0F}.AppStore|iPhone.Deploy.0 = Debug|Any CPU
		{A2BC234B-CD7E-4C0D-AC0C-BF4FC320DC0F}.AppStore|iPhoneSimulator.ActiveCfg = Debug|Any CPU
		{A2BC234B-CD7E-4C0D-AC0C-BF4FC320DC0F}.AppStore|iPhoneSimulator.Build.0 = Debug|Any CPU
		{A2BC234B-CD7E-4C0D-AC0C-BF4FC320DC0F}.AppStore|iPhoneSimulator.Deploy.0 = Debug|Any CPU
		{A2BC234B-CD7E-4C0D-AC0C-BF4FC320DC0F}.AppStore|x64.ActiveCfg = Debug|Any CPU
		{A2BC234B-CD7E-4C0D-AC0C-BF4FC320DC0F}.AppStore|x64.Build.0 = Debug|Any CPU
		{A2BC234B-CD7E-4C0D-AC0C-BF4FC320DC0F}.AppStore|x64.Deploy.0 = Debug|Any CPU
		{A2BC234B-CD7E-4C0D-AC0C-BF4FC320DC0F}.AppStore|x86.ActiveCfg = Debug|Any CPU
		{A2BC234B-CD7E-4C0D-AC0C-BF4FC320DC0F}.AppStore|x86.Build.0 = Debug|Any CPU
		{A2BC234B-CD7E-4C0D-AC0C-BF4FC320DC0F}.AppStore|x86.Deploy.0 = Debug|Any CPU
		{A2BC234B-CD7E-4C0D-AC0C-BF4FC320DC0F}.Debug|Any CPU.ActiveCfg = Debug|Any CPU
		{A2BC234B-CD7E-4C0D-AC0C-BF4FC320DC0F}.Debug|Any CPU.Build.0 = Debug|Any CPU
		{A2BC234B-CD7E-4C0D-AC0C-BF4FC320DC0F}.Debug|Any CPU.Deploy.0 = Debug|Any CPU
		{A2BC234B-CD7E-4C0D-AC0C-BF4FC320DC0F}.Debug|ARM.ActiveCfg = Debug|Any CPU
		{A2BC234B-CD7E-4C0D-AC0C-BF4FC320DC0F}.Debug|ARM.Build.0 = Debug|Any CPU
		{A2BC234B-CD7E-4C0D-AC0C-BF4FC320DC0F}.Debug|ARM.Deploy.0 = Debug|Any CPU
		{A2BC234B-CD7E-4C0D-AC0C-BF4FC320DC0F}.Debug|iPhone.ActiveCfg = Debug|Any CPU
		{A2BC234B-CD7E-4C0D-AC0C-BF4FC320DC0F}.Debug|iPhone.Build.0 = Debug|Any CPU
		{A2BC234B-CD7E-4C0D-AC0C-BF4FC320DC0F}.Debug|iPhone.Deploy.0 = Debug|Any CPU
		{A2BC234B-CD7E-4C0D-AC0C-BF4FC320DC0F}.Debug|iPhoneSimulator.ActiveCfg = Debug|Any CPU
		{A2BC234B-CD7E-4C0D-AC0C-BF4FC320DC0F}.Debug|iPhoneSimulator.Build.0 = Debug|Any CPU
		{A2BC234B-CD7E-4C0D-AC0C-BF4FC320DC0F}.Debug|iPhoneSimulator.Deploy.0 = Debug|Any CPU
		{A2BC234B-CD7E-4C0D-AC0C-BF4FC320DC0F}.Debug|x64.ActiveCfg = Debug|Any CPU
		{A2BC234B-CD7E-4C0D-AC0C-BF4FC320DC0F}.Debug|x64.Build.0 = Debug|Any CPU
		{A2BC234B-CD7E-4C0D-AC0C-BF4FC320DC0F}.Debug|x64.Deploy.0 = Debug|Any CPU
		{A2BC234B-CD7E-4C0D-AC0C-BF4FC320DC0F}.Debug|x86.ActiveCfg = Debug|Any CPU
		{A2BC234B-CD7E-4C0D-AC0C-BF4FC320DC0F}.Debug|x86.Build.0 = Debug|Any CPU
		{A2BC234B-CD7E-4C0D-AC0C-BF4FC320DC0F}.Debug|x86.Deploy.0 = Debug|Any CPU
		{A2BC234B-CD7E-4C0D-AC0C-BF4FC320DC0F}.Release|Any CPU.ActiveCfg = Release|Any CPU
		{A2BC234B-CD7E-4C0D-AC0C-BF4FC320DC0F}.Release|Any CPU.Build.0 = Release|Any CPU
		{A2BC234B-CD7E-4C0D-AC0C-BF4FC320DC0F}.Release|Any CPU.Deploy.0 = Release|Any CPU
		{A2BC234B-CD7E-4C0D-AC0C-BF4FC320DC0F}.Release|ARM.ActiveCfg = Release|Any CPU
		{A2BC234B-CD7E-4C0D-AC0C-BF4FC320DC0F}.Release|ARM.Build.0 = Release|Any CPU
		{A2BC234B-CD7E-4C0D-AC0C-BF4FC320DC0F}.Release|ARM.Deploy.0 = Release|Any CPU
		{A2BC234B-CD7E-4C0D-AC0C-BF4FC320DC0F}.Release|iPhone.ActiveCfg = Release|Any CPU
		{A2BC234B-CD7E-4C0D-AC0C-BF4FC320DC0F}.Release|iPhone.Build.0 = Release|Any CPU
		{A2BC234B-CD7E-4C0D-AC0C-BF4FC320DC0F}.Release|iPhone.Deploy.0 = Release|Any CPU
		{A2BC234B-CD7E-4C0D-AC0C-BF4FC320DC0F}.Release|iPhoneSimulator.ActiveCfg = Release|Any CPU
		{A2BC234B-CD7E-4C0D-AC0C-BF4FC320DC0F}.Release|iPhoneSimulator.Build.0 = Release|Any CPU
		{A2BC234B-CD7E-4C0D-AC0C-BF4FC320DC0F}.Release|iPhoneSimulator.Deploy.0 = Release|Any CPU
		{A2BC234B-CD7E-4C0D-AC0C-BF4FC320DC0F}.Release|x64.ActiveCfg = Release|Any CPU
		{A2BC234B-CD7E-4C0D-AC0C-BF4FC320DC0F}.Release|x64.Build.0 = Release|Any CPU
		{A2BC234B-CD7E-4C0D-AC0C-BF4FC320DC0F}.Release|x64.Deploy.0 = Release|Any CPU
		{A2BC234B-CD7E-4C0D-AC0C-BF4FC320DC0F}.Release|x86.ActiveCfg = Release|Any CPU
		{A2BC234B-CD7E-4C0D-AC0C-BF4FC320DC0F}.Release|x86.Build.0 = Release|Any CPU
		{A2BC234B-CD7E-4C0D-AC0C-BF4FC320DC0F}.Release|x86.Deploy.0 = Release|Any CPU
	EndGlobalSection
	GlobalSection(SolutionProperties) = preSolution
		HideSolutionNode = FALSE
	EndGlobalSection
	GlobalSection(ExtensibilityGlobals) = postSolution
		SolutionGuid = {6B3964E9-9A19-4140-BD1B-6E46198C189A}
	EndGlobalSection
EndGlobal
